
Microsoft Visual Studio Solution File, Format Version 12.00
# Visual Studio Version 17
VisualStudioVersion = 17.3.32811.315
MinimumVisualStudioVersion = 10.0.40219.1
Project("{FAE04EC0-301F-11D3-BF4B-00C04F79EFBC}") = "TimeToLearn", "TimeToLearn\TimeToLearn.csproj", "{C46EA1DD-5E52-4655-93F4-28B77D7AF323}"
EndProject
Global
	GlobalSection(SolutionConfigurationPlatforms) = preSolution
		Debug|Any CPU = Debug|Any CPU
		Release|Any CPU = Release|Any CPU
	EndGlobalSection
	GlobalSection(ProjectConfigurationPlatforms) = postSolution
		{C46EA1DD-5E52-4655-93F4-28B77D7AF323}.Debug|Any CPU.ActiveCfg = Debug|Any CPU
		{C46EA1DD-5E52-4655-93F4-28B77D7AF323}.Debug|Any CPU.Build.0 = Debug|Any CPU
		{C46EA1DD-5E52-4655-93F4-28B77D7AF323}.Release|Any CPU.ActiveCfg = Release|Any CPU
		{C46EA1DD-5E52-4655-93F4-28B77D7AF323}.Release|Any CPU.Build.0 = Release|Any CPU
	EndGlobalSection
	GlobalSection(SolutionProperties) = preSolution
		HideSolutionNode = FALSE
	EndGlobalSection
	GlobalSection(ExtensibilityGlobals) = postSolution
		SolutionGuid = {A756B0BA-9F23-4065-B6C0-D18704E36927}
	EndGlobalSection
EndGlobal
